{
  "lockfile_version": "1",
  "packages": {
    "awscli2@latest": {
      "last_modified": "2026-04-23T13:07:47Z",
      "resolved": "github:NixOS/nixpkgs/01fbdeef22b76df85ea168fbfe1bfd9e63681b30#awscli2",
      "source": "devbox-search",
      "version": "2.34.24",
      "systems": {
        "aarch64-darwin": {
          "outputs": [
            {
              "name": "out",
              "path": "/nix/store/6rjb80bzlnq2aiyn7y44bxf98ms8jiv8-awscli2-2.34.24",
              "default": true
            },
            {
              "name": "dist",
              "path": "/nix/store/0nrql1b3pq91qydg6bbkm5igb0klczyk-awscli2-2.34.24-dist"
            }
          ],
          "store_path": "/nix/store/6rjb80bzlnq2aiyn7y44bxf98ms8jiv8-awscli2-2.34.24"
        },
        "aarch64-linux": {
          "outputs": [
            {
              "name": "out",
              "path": "/nix/store/y48ygqd28j468i7abfh9v5yy1rvj6qc2-awscli2-2.34.24",
              "default": true
            },
            {
              "name": "dist",
              "path": "/nix/store/d979xiddsvgbwnlsmpy557dv1bix365z-awscli2-2.34.24-dist"
            }
          ],
          "store_path": "/nix/store/y48ygqd28j468i7abfh9v5yy1rvj6qc2-awscli2-2.34.24"
        },
        "x86_64-darwin": {
          "outputs": [
            {
              "name": "out",
              "path": "/nix/store/8jfgy4rp00vdvbr344w6bcp9s7hl6kkx-awscli2-2.34.24",
              "default": true
            },
            {
              "name": "dist",
              "path": "/nix/store/3qvvimmyvmcxrjncxyk1ihp3f5wi9pdn-awscli2-2.34.24-dist"
            }
          ],
          "store_path": "/nix/store/8jfgy4rp00vdvbr344w6bcp9s7hl6kkx-awscli2-2.34.24"
        },
        "x86_64-linux": {
          "outputs": [
            {
              "name": "out",
              "path": "/nix/store/yfcx11pxh5ax692vvhpxmqc12dpq56f5-awscli2-2.34.24",
              "default": true
            },
            {
              "name": "dist",
              "path": "/nix/store/97src0rsmbl5wfp9jnb4bdrjbcic6dbp-awscli2-2.34.24-dist"
            }
          ],
          "store_path": "/nix/store/yfcx11pxh5ax692vvhpxmqc12dpq56f5-awscli2-2.34.24"
        }
      }
    },
    "jq@latest": {
      "last_modified": "2026-04-30T11:26:30Z",
      "resolved": "github:NixOS/nixpkgs/7aaa00e7cc9be6c316cb5f6617bd740dd435c59d#jq",
      "source": "devbox-search",
      "version": "1.8.1",
      "systems": {
        "aarch64-darwin": {
          "outputs": [
            {
              "name": "bin",
              "path": "/nix/store/zpaiv3csv85i5qdhwlivlbg8a5clnqmh-jq-1.8.1-bin",
              "default": true
            },
            {
              "name": "man",
              "path": "/nix/store/vs9rx9xgqachcay4mn95m1gwifzxrhm4-jq-1.8.1-man",
              "default": true
            },
            {
              "name": "dev",
              "path": "/nix/store/h46rnp90pvk5ky12r9drbzhl1fqlmjnf-jq-1.8.1-dev"
            },
            {
              "name": "doc",
              "path": "/nix/store/iksz05vk9j78ls9agfg9blhax9azgv69-jq-1.8.1-doc"
            },
            {
              "name": "out",
              "path": "/nix/store/inmyqx7646xrcqrwxipacv5gkf3ca6m3-jq-1.8.1"
            }
          ],
          "store_path": "/nix/store/zpaiv3csv85i5qdhwlivlbg8a5clnqmh-jq-1.8.1-bin"
        },
        "aarch64-linux": {
          "outputs": [
            {
              "name": "bin",
              "path": "/nix/store/blgzs73jx017qji4n78v4wg1qxcg3cav-jq-1.8.1-bin",
              "default": true
            },
            {
              "name": "man",
              "path": "/nix/store/s8h2klkc7rw485yqj3s73ancc5915v2m-jq-1.8.1-man",
              "default": true
            },
            {
              "name": "doc",
              "path": "/nix/store/r992wf8cylhf9ayxwf64lawdfxcr4cl8-jq-1.8.1-doc"
            },
            {
              "name": "out",
              "path": "/nix/store/2v9443fs97gdg5mz9lk3q603hryhqijm-jq-1.8.1"
            },
            {
              "name": "dev",
              "path": "/nix/store/lx675fc624glij1dh9iw89pavkvfkv73-jq-1.8.1-dev"
            }
          ],
          "store_path": "/nix/store/blgzs73jx017qji4n78v4wg1qxcg3cav-jq-1.8.1-bin"
        },
        "x86_64-darwin": {
          "outputs": [
            {
              "name": "bin",
              "path": "/nix/store/cpq0n6nrgs7jwyr121qshzk2fvjkmjbh-jq-1.8.1-bin",
              "default": true
            },
            {
              "name": "man",
              "path": "/nix/store/flsm1xvpbr9681y4y8101v5c5m3qmcim-jq-1.8.1-man",
              "default": true
            },
            {
              "name": "dev",
              "path": "/nix/store/0p7h41icsq99c08sym6iw4wzdsl35r13-jq-1.8.1-dev"
            },
            {
              "name": "doc",
              "path": "/nix/store/h6wn2lzbxq1v2dypaj4kpv4nnkkm9yld-jq-1.8.1-doc"
            },
            {
              "name": "out",
              "path": "/nix/store/spn7m9y4302yvw9zafpy1g2sz3z9xnx1-jq-1.8.1"
            }
          ],
          "store_path": "/nix/store/cpq0n6nrgs7jwyr121qshzk2fvjkmjbh-jq-1.8.1-bin"
        },
        "x86_64-linux": {
          "outputs": [
            {
              "name": "bin",
              "path": "/nix/store/v5c3inhfq6xshmwg1c254vfbcy4jp3k9-jq-1.8.1-bin",
              "default": true
            },
            {
              "name": "man",
              "path": "/nix/store/lsyqny7h1riwhzajwy2vjjdd63viiwvm-jq-1.8.1-man",
              "default": true
            },
            {
              "name": "dev",
              "path": "/nix/store/p8x5zv9s9qg3ld8b7jdm03hkpdqybjl9-jq-1.8.1-dev"
            },
            {
              "name": "doc",
              "path": "/nix/store/g2wlgi44rn837jdirpwi3lk5f2iy13zg-jq-1.8.1-doc"
            },
            {
              "name": "out",
              "path": "/nix/store/09bq2i0kb008ccg3qdbyxv81ggxxnn09-jq-1.8.1"
            }
          ],
          "store_path": "/nix/store/v5c3inhfq6xshmwg1c254vfbcy4jp3k9-jq-1.8.1-bin"
        }
      }
    },
    "just@latest": {
      "last_modified": "2026-04-23T13:07:47Z",
      "resolved": "github:NixOS/nixpkgs/01fbdeef22b76df85ea168fbfe1bfd9e63681b30#just",
      "source": "devbox-search",
      "version": "1.50.0",
      "systems": {
        "aarch64-darwin": {
          "outputs": [
            {
              "name": "out",
              "path": "/nix/store/qxqsxk2614qpcb7l32svpjmmb1sm7ya1-just-1.50.0",
              "default": true
            },
            {
              "name": "man",
              "path": "/nix/store/daf30m3si50cl7xga42g0cqgdwaxj6ys-just-1.50.0-man",
              "default": true
            },
            {
              "name": "doc",
              "path": "/nix/store/9n71gassrpdy0nz4gfcrwvmkb4rwyd3g-just-1.50.0-doc"
            }
          ],
          "store_path": "/nix/store/qxqsxk2614qpcb7l32svpjmmb1sm7ya1-just-1.50.0"
        },
        "aarch64-linux": {
          "outputs": [
            {
              "name": "out",
              "path": "/nix/store/ayqw7hgkjs9b0f7v1qh96k316i9jpdw8-just-1.50.0",
              "default": true
            },
            {
              "name": "man",
              "path": "/nix/store/59z0bx178i7c3vwmhawgajgpfmv43h5c-just-1.50.0-man",
              "default": true
            },
            {
              "name": "doc",
              "path": "/nix/store/gg298zgvg5vmvzk0lmn9zq7j6kkab3qs-just-1.50.0-doc"
            }
          ],
          "store_path": "/nix/store/ayqw7hgkjs9b0f7v1qh96k316i9jpdw8-just-1.50.0"
        },
        "x86_64-darwin": {
          "outputs": [
            {
              "name": "out",
              "path": "/nix/store/bmsgb4l7ldxj2zggcalfidzhkrgp03xq-just-1.50.0",
              "default": true
            },
            {
              "name": "man",
              "path": "/nix/store/0pvkn1lzh85sav0cj3v36kpigxwypdhb-just-1.50.0-man",
              "default": true
            },
            {
              "name": "doc",
              "path": "/nix/store/9d2i12jkmsyqw7bkcw3a9d0xki313xrp-just-1.50.0-doc"
            }
          ],
          "store_path": "/nix/store/bmsgb4l7ldxj2zggcalfidzhkrgp03xq-just-1.50.0"
        },
        "x86_64-linux": {
          "outputs": [
            {
              "name": "out",
              "path": "/nix/store/vr4agmy8jw7f8kqynpizagdaqxy0ayw4-just-1.50.0",
              "default": true
            },
            {
              "name": "man",
              "path": "/nix/store/6mrjsdff8skgnnn0ngyim2i7wabk0c8x-just-1.50.0-man",
              "default": true
            },
            {
              "name": "doc",
              "path": "/nix/store/nk0p7b0n1fqg0sa2vasgavrhgi7xy9rz-just-1.50.0-doc"
            }
          ],
          "store_path": "/nix/store/vr4agmy8jw7f8kqynpizagdaqxy0ayw4-just-1.50.0"
        }
      }
    },
    "nodejs@latest": {
      "last_modified": "2026-04-23T13:07:47Z",
      "plugin_version": "0.0.2",
      "resolved": "github:NixOS/nixpkgs/01fbdeef22b76df85ea168fbfe1bfd9e63681b30#nodejs_25",
      "source": "devbox-search",
      "version": "25.9.0",
      "systems": {
        "aarch64-darwin": {
          "outputs": [
            {
              "name": "out",
              "path": "/nix/store/lk0q06f44l3p5ajzpnqhs6bwwpf7j7ny-nodejs-25.9.0",
              "default": true
            }
          ],
          "store_path": "/nix/store/lk0q06f44l3p5ajzpnqhs6bwwpf7j7ny-nodejs-25.9.0"
        },
        "aarch64-linux": {
          "outputs": [
            {
              "name": "out",
              "path": "/nix/store/kqhlmkz7y5id7l02d2pjid61jh6a1zc5-nodejs-25.9.0",
              "default": true
            }
          ],
          "store_path": "/nix/store/kqhlmkz7y5id7l02d2pjid61jh6a1zc5-nodejs-25.9.0"
        },
        "x86_64-darwin": {
          "outputs": [
            {
              "name": "out",
              "path": "/nix/store/6js5ig13hfm2b9vif9325slzl590l0yr-nodejs-25.9.0",
              "default": true
            }
          ],
          "store_path": "/nix/store/6js5ig13hfm2b9vif9325slzl590l0yr-nodejs-25.9.0"
        },
        "x86_64-linux": {
          "outputs": [
            {
              "name": "out",
              "path": "/nix/store/qvw3cs7p2aipxsmyvwf9xr5ffvmwjkh1-nodejs-25.9.0",
              "default": true
            }
          ],
          "store_path": "/nix/store/qvw3cs7p2aipxsmyvwf9xr5ffvmwjkh1-nodejs-25.9.0"
        }
      }
    },
    "python@latest": {
      "last_modified": "2026-04-23T13:07:47Z",
      "plugin_version": "0.0.4",
      "resolved": "github:NixOS/nixpkgs/01fbdeef22b76df85ea168fbfe1bfd9e63681b30#python314",
      "source": "devbox-search",
      "version": "3.14.3",
      "systems": {
        "aarch64-darwin": {
          "outputs": [
            {
              "name": "out",
              "path": "/nix/store/4bnf42zl2pw977ryf95g851iz7spd9zc-python3-3.14.3",
              "default": true
            }
          ],
          "store_path": "/nix/store/4bnf42zl2pw977ryf95g851iz7spd9zc-python3-3.14.3"
        },
        "aarch64-linux": {
          "outputs": [
            {
              "name": "out",
              "path": "/nix/store/813mwq39h8kq26zl587zy4i5q6084xy9-python3-3.14.3",
              "default": true
            },
            {
              "name": "debug",
              "path": "/nix/store/klqsn46kdp22pmny2lszjkxv2aqa63q8-python3-3.14.3-debug"
            }
          ],
          "store_path": "/nix/store/813mwq39h8kq26zl587zy4i5q6084xy9-python3-3.14.3"
        },
        "x86_64-darwin": {
          "outputs": [
            {
              "name": "out",
              "path": "/nix/store/9fbffrjs4wd3cy9ami06bdzvdh2fzkgk-python3-3.14.3",
              "default": true
            }
          ],
          "store_path": "/nix/store/9fbffrjs4wd3cy9ami06bdzvdh2fzkgk-python3-3.14.3"
        },
        "x86_64-linux": {
          "outputs": [
            {
              "name": "out",
              "path": "/nix/store/cgk2ykijyaadc1687r0w4psf8pi1fdyc-python3-3.14.3",
              "default": true
            },
            {
              "name": "debug",
              "path": "/nix/store/n9iyvz9qj382yryrwb7sq06cc2gynyhg-python3-3.14.3-debug"
            }
          ],
          "store_path": "/nix/store/cgk2ykijyaadc1687r0w4psf8pi1fdyc-python3-3.14.3"
        }
      }
    },
    "uv@latest": {
      "last_modified": "2026-04-28T17:03:49Z",
      "resolved": "github:NixOS/nixpkgs/e75f25705c2934955ee5075e62530d74aca973c6#uv",
      "source": "devbox-search",
      "version": "0.11.8",
      "systems": {
        "aarch64-darwin": {
          "outputs": [
            {
              "name": "out",
              "path": "/nix/store/9yc0dyp8ymcgmqq0kgilif31xcyr0jya-uv-0.11.8",
              "default": true
            }
          ],
          "store_path": "/nix/store/9yc0dyp8ymcgmqq0kgilif31xcyr0jya-uv-0.11.8"
        },
        "aarch64-linux": {
          "outputs": [
            {
              "name": "out",
              "path": "/nix/store/1413srfhakqmzxc9f3m3vwq90fmc1l5w-uv-0.11.8",
              "default": true
            }
          ],
          "store_path": "/nix/store/1413srfhakqmzxc9f3m3vwq90fmc1l5w-uv-0.11.8"
        },
        "x86_64-darwin": {
          "outputs": [
            {
              "name": "out",
              "path": "/nix/store/vc2x50g0316b91kn0y8njwdfchvnmdkg-uv-0.11.8",
              "default": true
            }
          ],
          "store_path": "/nix/store/vc2x50g0316b91kn0y8njwdfchvnmdkg-uv-0.11.8"
        },
        "x86_64-linux": {
          "outputs": [
            {
              "name": "out",
              "path": "/nix/store/9xinbvah2sr4k5g05g7w48q2klf2va5f-uv-0.11.8",
              "default": true
            }
          ],
          "store_path": "/nix/store/9xinbvah2sr4k5g05g7w48q2klf2va5f-uv-0.11.8"
        }
      }
    },
    "yq@latest": {
      "last_modified": "2026-04-23T13:07:47Z",
      "resolved": "github:NixOS/nixpkgs/01fbdeef22b76df85ea168fbfe1bfd9e63681b30#yq",
      "source": "devbox-search",
      "version": "3.4.3",
      "systems": {
        "aarch64-darwin": {
          "outputs": [
            {
              "name": "out",
              "path": "/nix/store/gfj0swayhqm02nidsvh6692gp0kk23g0-python3.13-yq-3.4.3",
              "default": true
            },
            {
              "name": "dist",
              "path": "/nix/store/sz3477s7aln7271nacc72zs3w4w7aw62-python3.13-yq-3.4.3-dist"
            }
          ],
          "store_path": "/nix/store/gfj0swayhqm02nidsvh6692gp0kk23g0-python3.13-yq-3.4.3"
        },
        "aarch64-linux": {
          "outputs": [
            {
              "name": "out",
              "path": "/nix/store/0whnd3y7fm0wfa0w5yqfahhr9ih16d20-python3.13-yq-3.4.3",
              "default": true
            },
            {
              "name": "dist",
              "path": "/nix/store/w4yih4rbdjj5x5c9ydd7l19kx9zqlgdh-python3.13-yq-3.4.3-dist"
            }
          ],
          "store_path": "/nix/store/0whnd3y7fm0wfa0w5yqfahhr9ih16d20-python3.13-yq-3.4.3"
        },
        "x86_64-darwin": {
          "outputs": [
            {
              "name": "out",
              "path": "/nix/store/my699ppqbdqp814b1sziwfgbaii84a8p-python3.13-yq-3.4.3",
              "default": true
            },
            {
              "name": "dist",
              "path": "/nix/store/7kcw5lqkwjcxzyvm8mvrgxr6k5cgs6s9-python3.13-yq-3.4.3-dist"
            }
          ],
          "store_path": "/nix/store/my699ppqbdqp814b1sziwfgbaii84a8p-python3.13-yq-3.4.3"
        },
        "x86_64-linux": {
          "outputs": [
            {
              "name": "out",
              "path": "/nix/store/z5lxllys0j3z200rf1phlzy975ynr0wg-python3.13-yq-3.4.3",
              "default": true
            },
            {
              "name": "dist",
              "path": "/nix/store/5s207c9mzbcr9wxl93y45fhshhq3maq0-python3.13-yq-3.4.3-dist"
            }
          ],
          "store_path": "/nix/store/z5lxllys0j3z200rf1phlzy975ynr0wg-python3.13-yq-3.4.3"
        }
      }
    }
  }
}
